
Microsoft Visual Studio Solution File, Format Version 12.00
# Visual Studio 15
VisualStudioVersion = 15.0.28010.2003
MinimumVisualStudioVersion = 10.0.40219.1
Project("{FAE04EC0-301F-11D3-BF4B-00C04F79EFBC}") = "ShoppingList.Android", "ShoppingList\ShoppingList.Android\ShoppingList.Android.csproj", "{15CF26E7-6084-4985-AE5D-101B35A9B10D}"
EndProject
Project("{FAE04EC0-301F-11D3-BF4B-00C04F79EFBC}") = "ShoppingList.iOS", "ShoppingList\ShoppingList.iOS\ShoppingList.iOS.csproj", "{36728EBD-6AFD-423E-B700-65383C343D99}"
EndProject
Project("{FAE04EC0-301F-11D3-BF4B-00C04F79EFBC}") = "ShoppingList.UWP", "ShoppingList\ShoppingList.UWP\ShoppingList.UWP.csproj", "{82B9A82C-5066-435E-916E-B80DC9ED0C3D}"
EndProject
Project("{9A19103F-16F7-4668-BE54-9A1E7A4F7556}") = "ShoppingList", "ShoppingList\ShoppingList\ShoppingList.csproj", "{A08D8049-32D3-4717-9671-D980E6AC765D}"
EndProject
Project("{FAE04EC0-301F-11D3-BF4B-00C04F79EFBC}") = "ShoppingList.Models", "ShoppingList.Models\ShoppingList.Models.csproj", "{0F473738-A09A-49BC-87AD-A083A0D592DB}"
EndProject
Global
	GlobalSection(SolutionConfigurationPlatforms) = preSolution
		Ad-Hoc|Any CPU = Ad-Hoc|Any CPU
		Ad-Hoc|ARM = Ad-Hoc|ARM
		Ad-Hoc|iPhone = Ad-Hoc|iPhone
		Ad-Hoc|iPhoneSimulator = Ad-Hoc|iPhoneSimulator
		Ad-Hoc|x64 = Ad-Hoc|x64
		Ad-Hoc|x86 = Ad-Hoc|x86
		AppStore|Any CPU = AppStore|Any CPU
		AppStore|ARM = AppStore|ARM
		AppStore|iPhone = AppStore|iPhone
		AppStore|iPhoneSimulator = AppStore|iPhoneSimulator
		AppStore|x64 = AppStore|x64
		AppStore|x86 = AppStore|x86
		Debug|Any CPU = Debug|Any CPU
		Debug|ARM = Debug|ARM
		Debug|iPhone = Debug|iPhone
		Debug|iPhoneSimulator = Debug|iPhoneSimulator
		Debug|x64 = Debug|x64
		Debug|x86 = Debug|x86
		Release|Any CPU = Release|Any CPU
		Release|ARM = Release|ARM
		Release|iPhone = Release|iPhone
		Release|iPhoneSimulator = Release|iPhoneSimulator
		Release|x64 = Release|x64
		Release|x86 = Release|x86
	EndGlobalSection
	GlobalSection(ProjectConfigurationPlatforms) = postSolution
		{15CF26E7-6084-4985-AE5D-101B35A9B10D}.Ad-Hoc|Any CPU.ActiveCfg = Release|Any CPU
		{15CF26E7-6084-4985-AE5D-101B35A9B10D}.Ad-Hoc|Any CPU.Build.0 = Release|Any CPU
		{15CF26E7-6084-4985-AE5D-101B35A9B10D}.Ad-Hoc|Any CPU.Deploy.0 = Release|Any CPU
		{15CF26E7-6084-4985-AE5D-101B35A9B10D}.Ad-Hoc|ARM.ActiveCfg = Release|Any CPU
		{15CF26E7-6084-4985-AE5D-101B35A9B10D}.Ad-Hoc|ARM.Build.0 = Release|Any CPU
		{15CF26E7-6084-4985-AE5D-101B35A9B10D}.Ad-Hoc|ARM.Deploy.0 = Release|Any CPU
		{15CF26E7-6084-4985-AE5D-101B35A9B10D}.Ad-Hoc|iPhone.ActiveCfg = Release|Any CPU
		{15CF26E7-6084-4985-AE5D-101B35A9B10D}.Ad-Hoc|iPhone.Build.0 = Release|Any CPU
		{15CF26E7-6084-4985-AE5D-101B35A9B10D}.Ad-Hoc|iPhone.Deploy.0 = Release|Any CPU
		{15CF26E7-6084-4985-AE5D-101B35A9B10D}.Ad-Hoc|iPhoneSimulator.ActiveCfg = Release|Any CPU
		{15CF26E7-6084-4985-AE5D-101B35A9B10D}.Ad-Hoc|iPhoneSimulator.Build.0 = Release|Any CPU
		{15CF26E7-6084-4985-AE5D-101B35A9B10D}.Ad-Hoc|iPhoneSimulator.Deploy.0 = Release|Any CPU
		{15CF26E7-6084-4985-AE5D-101B35A9B10D}.Ad-Hoc|x64.ActiveCfg = Release|Any CPU
		{15CF26E7-6084-4985-AE5D-101B35A9B10D}.Ad-Hoc|x64.Build.0 = Release|Any CPU
		{15CF26E7-6084-4985-AE5D-101B35A9B10D}.Ad-Hoc|x64.Deploy.0 = Release|Any CPU
		{15CF26E7-6084-4985-AE5D-101B35A9B10D}.Ad-Hoc|x86.ActiveCfg = Release|Any CPU
		{15CF26E7-6084-4985-AE5D-101B35A9B10D}.Ad-Hoc|x86.Build.0 = Release|Any CPU
		{15CF26E7-6084-4985-AE5D-101B35A9B10D}.Ad-Hoc|x86.Deploy.0 = Release|Any CPU
		{15CF26E7-6084-4985-AE5D-101B35A9B10D}.AppStore|Any CPU.ActiveCfg = Release|Any CPU
		{15CF26E7-6084-4985-AE5D-101B35A9B10D}.AppStore|Any CPU.Build.0 = Release|Any CPU
		{15CF26E7-6084-4985-AE5D-101B35A9B10D}.AppStore|Any CPU.Deploy.0 = Release|Any CPU
		{15CF26E7-6084-4985-AE5D-101B35A9B10D}.AppStore|ARM.ActiveCfg = Release|Any CPU
		{15CF26E7-6084-4985-AE5D-101B35A9B10D}.AppStore|ARM.Build.0 = Release|Any CPU
		{15CF26E7-6084-4985-AE5D-101B35A9B10D}.AppStore|ARM.Deploy.0 = Release|Any CPU
		{15CF26E7-6084-4985-AE5D-101B35A9B10D}.AppStore|iPhone.ActiveCfg = Release|Any CPU
		{15CF26E7-6084-4985-AE5D-101B35A9B10D}.AppStore|iPhone.Build.0 = Release|Any CPU
		{15CF26E7-6084-4985-AE5D-101B35A9B10D}.AppStore|iPhone.Deploy.0 = Release|Any CPU
		{15CF26E7-6084-4985-AE5D-101B35A9B10D}.AppStore|iPhoneSimulator.ActiveCfg = Release|Any CPU
		{15CF26E7-6084-4985-AE5D-101B35A9B10D}.AppStore|iPhoneSimulator.Build.0 = Release|Any CPU
		{15CF26E7-6084-4985-AE5D-101B35A9B10D}.AppStore|iPhoneSimulator.Deploy.0 = Release|Any CPU
		{15CF26E7-6084-4985-AE5D-101B35A9B10D}.AppStore|x64.ActiveCfg = Release|Any CPU
		{15CF26E7-6084-4985-AE5D-101B35A9B10D}.AppStore|x64.Build.0 = Release|Any CPU
		{15CF26E7-6084-4985-AE5D-101B35A9B10D}.AppStore|x64.Deploy.0 = Release|Any CPU
		{15CF26E7-6084-4985-AE5D-101B35A9B10D}.AppStore|x86.ActiveCfg = Release|Any CPU
		{15CF26E7-6084-4985-AE5D-101B35A9B10D}.AppStore|x86.Build.0 = Release|Any CPU
		{15CF26E7-6084-4985-AE5D-101B35A9B10D}.AppStore|x86.Deploy.0 = Release|Any CPU
		{15CF26E7-6084-4985-AE5D-101B35A9B10D}.Debug|Any CPU.ActiveCfg = Debug|Any CPU
		{15CF26E7-6084-4985-AE5D-101B35A9B10D}.Debug|Any CPU.Build.0 = Debug|Any CPU
		{15CF26E7-6084-4985-AE5D-101B35A9B10D}.Debug|Any CPU.Deploy.0 = Debug|Any CPU
		{15CF26E7-6084-4985-AE5D-101B35A9B10D}.Debug|ARM.ActiveCfg = Debug|Any CPU
		{15CF26E7-6084-4985-AE5D-101B35A9B10D}.Debug|ARM.Build.0 = Debug|Any CPU
		{15CF26E7-6084-4985-AE5D-101B35A9B10D}.Debug|ARM.Deploy.0 = Debug|Any CPU
		{15CF26E7-6084-4985-AE5D-101B35A9B10D}.Debug|iPhone.ActiveCfg = Debug|Any CPU
		{15CF26E7-6084-4985-AE5D-101B35A9B10D}.Debug|iPhone.Build.0 = Debug|Any CPU
		{15CF26E7-6084-4985-AE5D-101B35A9B10D}.Debug|iPhone.Deploy.0 = Debug|Any CPU
		{15CF26E7-6084-4985-AE5D-101B35A9B10D}.Debug|iPhoneSimulator.ActiveCfg = Debug|Any CPU
		{15CF26E7-6084-4985-AE5D-101B35A9B10D}.Debug|iPhoneSimulator.Build.0 = Debug|Any CPU
		{15CF26E7-6084-4985-AE5D-101B35A9B10D}.Debug|iPhoneSimulator.Deploy.0 = Debug|Any CPU
		{15CF26E7-6084-4985-AE5D-101B35A9B10D}.Debug|x64.ActiveCfg = Debug|Any CPU
		{15CF26E7-6084-4985-AE5D-101B35A9B10D}.Debug|x64.Build.0 = Debug|Any CPU
		{15CF26E7-6084-4985-AE5D-101B35A9B10D}.Debug|x64.Deploy.0 = Debug|Any CPU
		{15CF26E7-6084-4985-AE5D-101B35A9B10D}.Debug|x86.ActiveCfg = Debug|Any CPU
		{15CF26E7-6084-4985-AE5D-101B35A9B10D}.Debug|x86.Build.0 = Debug|Any CPU
		{15CF26E7-6084-4985-AE5D-101B35A9B10D}.Debug|x86.Deploy.0 = Debug|Any CPU
		{15CF26E7-6084-4985-AE5D-101B35A9B10D}.Release|Any CPU.ActiveCfg = Release|Any CPU
		{15CF26E7-6084-4985-AE5D-101B35A9B10D}.Release|Any CPU.Build.0 = Release|Any CPU
		{15CF26E7-6084-4985-AE5D-101B35A9B10D}.Release|Any CPU.Deploy.0 = Release|Any CPU
		{15CF26E7-6084-4985-AE5D-101B35A9B10D}.Release|ARM.ActiveCfg = Release|Any CPU
		{15CF26E7-6084-4985-AE5D-101B35A9B10D}.Release|ARM.Build.0 = Release|Any CPU
		{15CF26E7-6084-4985-AE5D-101B35A9B10D}.Release|ARM.Deploy.0 = Release|Any CPU
		{15CF26E7-6084-4985-AE5D-101B35A9B10D}.Release|iPhone.ActiveCfg = Release|Any CPU
		{15CF26E7-6084-4985-AE5D-101B35A9B10D}.Release|iPhone.Build.0 = Release|Any CPU
		{15CF26E7-6084-4985-AE5D-101B35A9B10D}.Release|iPhone.Deploy.0 = Release|Any CPU
		{15CF26E7-6084-4985-AE5D-101B35A9B10D}.Release|iPhoneSimulator.ActiveCfg = Release|Any CPU
		{15CF26E7-6084-4985-AE5D-101B35A9B10D}.Release|iPhoneSimulator.Build.0 = Release|Any CPU
		{15CF26E7-6084-4985-AE5D-101B35A9B10D}.Release|iPhoneSimulator.Deploy.0 = Release|Any CPU
		{15CF26E7-6084-4985-AE5D-101B35A9B10D}.Release|x64.ActiveCfg = Release|Any CPU
		{15CF26E7-6084-4985-AE5D-101B35A9B10D}.Release|x64.Build.0 = Release|Any CPU
		{15CF26E7-6084-4985-AE5D-101B35A9B10D}.Release|x64.Deploy.0 = Release|Any CPU
		{15CF26E7-6084-4985-AE5D-101B35A9B10D}.Release|x86.ActiveCfg = Release|Any CPU
		{15CF26E7-6084-4985-AE5D-101B35A9B10D}.Release|x86.Build.0 = Release|Any CPU
		{15CF26E7-6084-4985-AE5D-101B35A9B10D}.Release|x86.Deploy.0 = Release|Any CPU
		{36728EBD-6AFD-423E-B700-65383C343D99}.Ad-Hoc|Any CPU.ActiveCfg = Ad-Hoc|iPhone
		{36728EBD-6AFD-423E-B700-65383C343D99}.Ad-Hoc|Any CPU.Build.0 = Ad-Hoc|iPhone
		{36728EBD-6AFD-423E-B700-65383C343D99}.Ad-Hoc|Any CPU.Deploy.0 = Ad-Hoc|iPhone
		{36728EBD-6AFD-423E-B700-65383C343D99}.Ad-Hoc|ARM.ActiveCfg = Ad-Hoc|iPhone
		{36728EBD-6AFD-423E-B700-65383C343D99}.Ad-Hoc|ARM.Build.0 = Ad-Hoc|iPhone
		{36728EBD-6AFD-423E-B700-65383C343D99}.Ad-Hoc|ARM.Deploy.0 = Ad-Hoc|iPhone
		{36728EBD-6AFD-423E-B700-65383C343D99}.Ad-Hoc|iPhone.ActiveCfg = Ad-Hoc|iPhone
		{36728EBD-6AFD-423E-B700-65383C343D99}.Ad-Hoc|iPhone.Build.0 = Ad-Hoc|iPhone
		{36728EBD-6AFD-423E-B700-65383C343D99}.Ad-Hoc|iPhone.Deploy.0 = Ad-Hoc|iPhone
		{36728EBD-6AFD-423E-B700-65383C343D99}.Ad-Hoc|iPhoneSimulator.ActiveCfg = Ad-Hoc|iPhoneSimulator
		{36728EBD-6AFD-423E-B700-65383C343D99}.Ad-Hoc|iPhoneSimulator.Build.0 = Ad-Hoc|iPhoneSimulator
		{36728EBD-6AFD-423E-B700-65383C343D99}.Ad-Hoc|iPhoneSimulator.Deploy.0 = Ad-Hoc|iPhoneSimulator
		{36728EBD-6AFD-423E-B700-65383C343D99}.Ad-Hoc|x64.ActiveCfg = Ad-Hoc|iPhone
		{36728EBD-6AFD-423E-B700-65383C343D99}.Ad-Hoc|x64.Build.0 = Ad-Hoc|iPhone
		{36728EBD-6AFD-423E-B700-65383C343D99}.Ad-Hoc|x64.Deploy.0 = Ad-Hoc|iPhone
		{36728EBD-6AFD-423E-B700-65383C343D99}.Ad-Hoc|x86.ActiveCfg = Ad-Hoc|iPhone
		{36728EBD-6AFD-423E-B700-65383C343D99}.Ad-Hoc|x86.Build.0 = Ad-Hoc|iPhone
		{36728EBD-6AFD-423E-B700-65383C343D99}.Ad-Hoc|x86.Deploy.0 = Ad-Hoc|iPhone
		{36728EBD-6AFD-423E-B700-65383C343D99}.AppStore|Any CPU.ActiveCfg = AppStore|iPhone
		{36728EBD-6AFD-423E-B700-65383C343D99}.AppStore|Any CPU.Build.0 = AppStore|iPhone
		{36728EBD-6AFD-423E-B700-65383C343D99}.AppStore|Any CPU.Deploy.0 = AppStore|iPhone
		{36728EBD-6AFD-423E-B700-65383C343D99}.AppStore|ARM.ActiveCfg = AppStore|iPhone
		{36728EBD-6AFD-423E-B700-65383C343D99}.AppStore|ARM.Build.0 = AppStore|iPhone
		{36728EBD-6AFD-423E-B700-65383C343D99}.AppStore|ARM.Deploy.0 = AppStore|iPhone
		{36728EBD-6AFD-423E-B700-65383C343D99}.AppStore|iPhone.ActiveCfg = AppStore|iPhone
		{36728EBD-6AFD-423E-B700-65383C343D99}.AppStore|iPhone.Build.0 = AppStore|iPhone
		{36728EBD-6AFD-423E-B700-65383C343D99}.AppStore|iPhone.Deploy.0 = AppStore|iPhone
		{36728EBD-6AFD-423E-B700-65383C343D99}.AppStore|iPhoneSimulator.ActiveCfg = AppStore|iPhoneSimulator
		{36728EBD-6AFD-423E-B700-65383C343D99}.AppStore|iPhoneSimulator.Build.0 = AppStore|iPhoneSimulator
		{36728EBD-6AFD-423E-B700-65383C343D99}.AppStore|iPhoneSimulator.Deploy.0 = AppStore|iPhoneSimulator
		{36728EBD-6AFD-423E-B700-65383C343D99}.AppStore|x64.ActiveCfg = AppStore|iPhone
		{36728EBD-6AFD-423E-B700-65383C343D99}.AppStore|x64.Build.0 = AppStore|iPhone
		{36728EBD-6AFD-423E-B700-65383C343D99}.AppStore|x64.Deploy.0 = AppStore|iPhone
		{36728EBD-6AFD-423E-B700-65383C343D99}.AppStore|x86.ActiveCfg = AppStore|iPhone
		{36728EBD-6AFD-423E-B700-65383C343D99}.AppStore|x86.Build.0 = AppStore|iPhone
		{36728EBD-6AFD-423E-B700-65383C343D99}.AppStore|x86.Deploy.0 = AppStore|iPhone
		{36728EBD-6AFD-423E-B700-65383C343D99}.Debug|Any CPU.ActiveCfg = Debug|iPhoneSimulator
		{36728EBD-6AFD-423E-B700-65383C343D99}.Debug|Any CPU.Build.0 = Debug|iPhoneSimulator
		{36728EBD-6AFD-423E-B700-65383C343D99}.Debug|Any CPU.Deploy.0 = Debug|iPhoneSimulator
		{36728EBD-6AFD-423E-B700-65383C343D99}.Debug|ARM.ActiveCfg = Debug|iPhone
		{36728EBD-6AFD-423E-B700-65383C343D99}.Debug|ARM.Build.0 = Debug|iPhone
		{36728EBD-6AFD-423E-B700-65383C343D99}.Debug|ARM.Deploy.0 = Debug|iPhone
		{36728EBD-6AFD-423E-B700-65383C343D99}.Debug|iPhone.ActiveCfg = Debug|iPhone
		{36728EBD-6AFD-423E-B700-65383C343D99}.Debug|iPhone.Build.0 = Debug|iPhone
		{36728EBD-6AFD-423E-B700-65383C343D99}.Debug|iPhone.Deploy.0 = Debug|iPhone
		{36728EBD-6AFD-423E-B700-65383C343D99}.Debug|iPhoneSimulator.ActiveCfg = Debug|iPhoneSimulator
		{36728EBD-6AFD-423E-B700-65383C343D99}.Debug|iPhoneSimulator.Build.0 = Debug|iPhoneSimulator
		{36728EBD-6AFD-423E-B700-65383C343D99}.Debug|iPhoneSimulator.Deploy.0 = Debug|iPhoneSimulator
		{36728EBD-6AFD-423E-B700-65383C343D99}.Debug|x64.ActiveCfg = Debug|iPhone
		{36728EBD-6AFD-423E-B700-65383C343D99}.Debug|x64.Build.0 = Debug|iPhone
		{36728EBD-6AFD-423E-B700-65383C343D99}.Debug|x64.Deploy.0 = Debug|iPhone
		{36728EBD-6AFD-423E-B700-65383C343D99}.Debug|x86.ActiveCfg = Debug|iPhone
		{36728EBD-6AFD-423E-B700-65383C343D99}.Debug|x86.Build.0 = Debug|iPhone
		{36728EBD-6AFD-423E-B700-65383C343D99}.Debug|x86.Deploy.0 = Debug|iPhone
		{36728EBD-6AFD-423E-B700-65383C343D99}.Release|Any CPU.ActiveCfg = Release|iPhone
		{36728EBD-6AFD-423E-B700-65383C343D99}.Release|Any CPU.Build.0 = Release|iPhone
		{36728EBD-6AFD-423E-B700-65383C343D99}.Release|Any CPU.Deploy.0 = Release|iPhone
		{36728EBD-6AFD-423E-B700-65383C343D99}.Release|ARM.ActiveCfg = Release|iPhone
		{36728EBD-6AFD-423E-B700-65383C343D99}.Release|ARM.Build.0 = Release|iPhone
		{36728EBD-6AFD-423E-B700-65383C343D99}.Release|ARM.Deploy.0 = Release|iPhone
		{36728EBD-6AFD-423E-B700-65383C343D99}.Release|iPhone.ActiveCfg = Release|iPhone
		{36728EBD-6AFD-423E-B700-65383C343D99}.Release|iPhone.Build.0 = Release|iPhone
		{36728EBD-6AFD-423E-B700-65383C343D99}.Release|iPhone.Deploy.0 = Release|iPhone
		{36728EBD-6AFD-423E-B700-65383C343D99}.Release|iPhoneSimulator.ActiveCfg = Release|iPhoneSimulator
		{36728EBD-6AFD-423E-B700-65383C343D99}.Release|iPhoneSimulator.Build.0 = Release|iPhoneSimulator
		{36728EBD-6AFD-423E-B700-65383C343D99}.Release|iPhoneSimulator.Deploy.0 = Release|iPhoneSimulator
		{36728EBD-6AFD-423E-B700-65383C343D99}.Release|x64.ActiveCfg = Release|iPhone
		{36728EBD-6AFD-423E-B700-65383C343D99}.Release|x64.Build.0 = Release|iPhone
		{36728EBD-6AFD-423E-B700-65383C343D99}.Release|x64.Deploy.0 = Release|iPhone
		{36728EBD-6AFD-423E-B700-65383C343D99}.Release|x86.ActiveCfg = Release|iPhone
		{36728EBD-6AFD-423E-B700-65383C343D99}.Release|x86.Build.0 = Release|iPhone
		{36728EBD-6AFD-423E-B700-65383C343D99}.Release|x86.Deploy.0 = Release|iPhone
		{82B9A82C-5066-435E-916E-B80DC9ED0C3D}.Ad-Hoc|Any CPU.ActiveCfg = Release|x86
		{82B9A82C-5066-435E-916E-B80DC9ED0C3D}.Ad-Hoc|Any CPU.Build.0 = Release|x86
		{82B9A82C-5066-435E-916E-B80DC9ED0C3D}.Ad-Hoc|Any CPU.Deploy.0 = Release|x86
		{82B9A82C-5066-435E-916E-B80DC9ED0C3D}.Ad-Hoc|ARM.ActiveCfg = Release|ARM
		{82B9A82C-5066-435E-916E-B80DC9ED0C3D}.Ad-Hoc|ARM.Build.0 = Release|ARM
		{82B9A82C-5066-435E-916E-B80DC9ED0C3D}.Ad-Hoc|ARM.Deploy.0 = Release|ARM
		{82B9A82C-5066-435E-916E-B80DC9ED0C3D}.Ad-Hoc|iPhone.ActiveCfg = Release|x86
		{82B9A82C-5066-435E-916E-B80DC9ED0C3D}.Ad-Hoc|iPhone.Build.0 = Release|x86
		{82B9A82C-5066-435E-916E-B80DC9ED0C3D}.Ad-Hoc|iPhone.Deploy.0 = Release|x86
		{82B9A82C-5066-435E-916E-B80DC9ED0C3D}.Ad-Hoc|iPhoneSimulator.ActiveCfg = Release|x86
		{82B9A82C-5066-435E-916E-B80DC9ED0C3D}.Ad-Hoc|iPhoneSimulator.Build.0 = Release|x86
		{82B9A82C-5066-435E-916E-B80DC9ED0C3D}.Ad-Hoc|iPhoneSimulator.Deploy.0 = Release|x86
		{82B9A82C-5066-435E-916E-B80DC9ED0C3D}.Ad-Hoc|x64.ActiveCfg = Release|x64
		{82B9A82C-5066-435E-916E-B80DC9ED0C3D}.Ad-Hoc|x64.Build.0 = Release|x64
		{82B9A82C-5066-435E-916E-B80DC9ED0C3D}.Ad-Hoc|x64.Deploy.0 = Release|x64
		{82B9A82C-5066-435E-916E-B80DC9ED0C3D}.Ad-Hoc|x86.ActiveCfg = Release|x86
		{82B9A82C-5066-435E-916E-B80DC9ED0C3D}.Ad-Hoc|x86.Build.0 = Release|x86
		{82B9A82C-5066-435E-916E-B80DC9ED0C3D}.Ad-Hoc|x86.Deploy.0 = Release|x86
		{82B9A82C-5066-435E-916E-B80DC9ED0C3D}.AppStore|Any CPU.ActiveCfg = Release|x86
		{82B9A82C-5066-435E-916E-B80DC9ED0C3D}.AppStore|Any CPU.Build.0 = Release|x86
		{82B9A82C-5066-435E-916E-B80DC9ED0C3D}.AppStore|Any CPU.Deploy.0 = Release|x86
		{82B9A82C-5066-435E-916E-B80DC9ED0C3D}.AppStore|ARM.ActiveCfg = Release|ARM
		{82B9A82C-5066-435E-916E-B80DC9ED0C3D}.AppStore|ARM.Build.0 = Release|ARM
		{82B9A82C-5066-435E-916E-B80DC9ED0C3D}.AppStore|ARM.Deploy.0 = Release|ARM
		{82B9A82C-5066-435E-916E-B80DC9ED0C3D}.AppStore|iPhone.ActiveCfg = Release|x86
		{82B9A82C-5066-435E-916E-B80DC9ED0C3D}.AppStore|iPhone.Build.0 = Release|x86
		{82B9A82C-5066-435E-916E-B80DC9ED0C3D}.AppStore|iPhone.Deploy.0 = Release|x86
		{82B9A82C-5066-435E-916E-B80DC9ED0C3D}.AppStore|iPhoneSimulator.ActiveCfg = Release|x86
		{82B9A82C-5066-435E-916E-B80DC9ED0C3D}.AppStore|iPhoneSimulator.Build.0 = Release|x86
		{82B9A82C-5066-435E-916E-B80DC9ED0C3D}.AppStore|iPhoneSimulator.Deploy.0 = Release|x86
		{82B9A82C-5066-435E-916E-B80DC9ED0C3D}.AppStore|x64.ActiveCfg = Release|x64
		{82B9A82C-5066-435E-916E-B80DC9ED0C3D}.AppStore|x64.Build.0 = Release|x64
		{82B9A82C-5066-435E-916E-B80DC9ED0C3D}.AppStore|x64.Deploy.0 = Release|x64
		{82B9A82C-5066-435E-916E-B80DC9ED0C3D}.AppStore|x86.ActiveCfg = Release|x86
		{82B9A82C-5066-435E-916E-B80DC9ED0C3D}.AppStore|x86.Build.0 = Release|x86
		{82B9A82C-5066-435E-916E-B80DC9ED0C3D}.AppStore|x86.Deploy.0 = Release|x86
		{82B9A82C-5066-435E-916E-B80DC9ED0C3D}.Debug|Any CPU.ActiveCfg = Debug|x86
		{82B9A82C-5066-435E-916E-B80DC9ED0C3D}.Debug|Any CPU.Build.0 = Debug|x86
		{82B9A82C-5066-435E-916E-B80DC9ED0C3D}.Debug|Any CPU.Deploy.0 = Debug|x86
		{82B9A82C-5066-435E-916E-B80DC9ED0C3D}.Debug|ARM.ActiveCfg = Debug|ARM
		{82B9A82C-5066-435E-916E-B80DC9ED0C3D}.Debug|ARM.Build.0 = Debug|ARM
		{82B9A82C-5066-435E-916E-B80DC9ED0C3D}.Debug|ARM.Deploy.0 = Debug|ARM
		{82B9A82C-5066-435E-916E-B80DC9ED0C3D}.Debug|iPhone.ActiveCfg = Debug|x86
		{82B9A82C-5066-435E-916E-B80DC9ED0C3D}.Debug|iPhone.Build.0 = Debug|x86
		{82B9A82C-5066-435E-916E-B80DC9ED0C3D}.Debug|iPhone.Deploy.0 = Debug|x86
		{82B9A82C-5066-435E-916E-B80DC9ED0C3D}.Debug|iPhoneSimulator.ActiveCfg = Debug|x86
		{82B9A82C-5066-435E-916E-B80DC9ED0C3D}.Debug|iPhoneSimulator.Build.0 = Debug|x86
		{82B9A82C-5066-435E-916E-B80DC9ED0C3D}.Debug|iPhoneSimulator.Deploy.0 = Debug|x86
		{82B9A82C-5066-435E-916E-B80DC9ED0C3D}.Debug|x64.ActiveCfg = Debug|x64
		{82B9A82C-5066-435E-916E-B80DC9ED0C3D}.Debug|x64.Build.0 = Debug|x64
		{82B9A82C-5066-435E-916E-B80DC9ED0C3D}.Debug|x64.Deploy.0 = Debug|x64
		{82B9A82C-5066-435E-916E-B80DC9ED0C3D}.Debug|x86.ActiveCfg = Debug|x86
		{82B9A82C-5066-435E-916E-B80DC9ED0C3D}.Debug|x86.Build.0 = Debug|x86
		{82B9A82C-5066-435E-916E-B80DC9ED0C3D}.Debug|x86.Deploy.0 = Debug|x86
		{82B9A82C-5066-435E-916E-B80DC9ED0C3D}.Release|Any CPU.ActiveCfg = Release|x86
		{82B9A82C-5066-435E-916E-B80DC9ED0C3D}.Release|Any CPU.Build.0 = Release|x86
		{82B9A82C-5066-435E-916E-B80DC9ED0C3D}.Release|Any CPU.Deploy.0 = Release|x86
		{82B9A82C-5066-435E-916E-B80DC9ED0C3D}.Release|ARM.ActiveCfg = Release|ARM
		{82B9A82C-5066-435E-916E-B80DC9ED0C3D}.Release|ARM.Build.0 = Release|ARM
		{82B9A82C-5066-435E-916E-B80DC9ED0C3D}.Release|ARM.Deploy.0 = Release|ARM
		{82B9A82C-5066-435E-916E-B80DC9ED0C3D}.Release|iPhone.ActiveCfg = Release|x86
		{82B9A82C-5066-435E-916E-B80DC9ED0C3D}.Release|iPhone.Build.0 = Release|x86
		{82B9A82C-5066-435E-916E-B80DC9ED0C3D}.Release|iPhone.Deploy.0 = Release|x86
		{82B9A82C-5066-435E-916E-B80DC9ED0C3D}.Release|iPhoneSimulator.ActiveCfg = Release|x86
		{82B9A82C-5066-435E-916E-B80DC9ED0C3D}.Release|iPhoneSimulator.Build.0 = Release|x86
		{82B9A82C-5066-435E-916E-B80DC9ED0C3D}.Release|iPhoneSimulator.Deploy.0 = Release|x86
		{82B9A82C-5066-435E-916E-B80DC9ED0C3D}.Release|x64.ActiveCfg = Release|x64
		{82B9A82C-5066-435E-916E-B80DC9ED0C3D}.Release|x64.Build.0 = Release|x64
		{82B9A82C-5066-435E-916E-B80DC9ED0C3D}.Release|x64.Deploy.0 = Release|x64
		{82B9A82C-5066-435E-916E-B80DC9ED0C3D}.Release|x86.ActiveCfg = Release|x86
		{82B9A82C-5066-435E-916E-B80DC9ED0C3D}.Release|x86.Build.0 = Release|x86
		{82B9A82C-5066-435E-916E-B80DC9ED0C3D}.Release|x86.Deploy.0 = Release|x86
		{A08D8049-32D3-4717-9671-D980E6AC765D}.Ad-Hoc|Any CPU.ActiveCfg = Debug|Any CPU
		{A08D8049-32D3-4717-9671-D980E6AC765D}.Ad-Hoc|Any CPU.Build.0 = Debug|Any CPU
		{A08D8049-32D3-4717-9671-D980E6AC765D}.Ad-Hoc|Any CPU.Deploy.0 = Debug|Any CPU
		{A08D8049-32D3-4717-9671-D980E6AC765D}.Ad-Hoc|ARM.ActiveCfg = Debug|Any CPU
		{A08D8049-32D3-4717-9671-D980E6AC765D}.Ad-Hoc|ARM.Build.0 = Debug|Any CPU
		{A08D8049-32D3-4717-9671-D980E6AC765D}.Ad-Hoc|ARM.Deploy.0 = Debug|Any CPU
		{A08D8049-32D3-4717-9671-D980E6AC765D}.Ad-Hoc|iPhone.ActiveCfg = Debug|Any CPU
		{A08D8049-32D3-4717-9671-D980E6AC765D}.Ad-Hoc|iPhone.Build.0 = Debug|Any CPU
		{A08D8049-32D3-4717-9671-D980E6AC765D}.Ad-Hoc|iPhone.Deploy.0 = Debug|Any CPU
		{A08D8049-32D3-4717-9671-D980E6AC765D}.Ad-Hoc|iPhoneSimulator.ActiveCfg = Debug|Any CPU
		{A08D8049-32D3-4717-9671-D980E6AC765D}.Ad-Hoc|iPhoneSimulator.Build.0 = Debug|Any CPU
		{A08D8049-32D3-4717-9671-D980E6AC765D}.Ad-Hoc|iPhoneSimulator.Deploy.0 = Debug|Any CPU
		{A08D8049-32D3-4717-9671-D980E6AC765D}.Ad-Hoc|x64.ActiveCfg = Debug|Any CPU
		{A08D8049-32D3-4717-9671-D980E6AC765D}.Ad-Hoc|x64.Build.0 = Debug|Any CPU
		{A08D8049-32D3-4717-9671-D980E6AC765D}.Ad-Hoc|x64.Deploy.0 = Debug|Any CPU
		{A08D8049-32D3-4717-9671-D980E6AC765D}.Ad-Hoc|x86.ActiveCfg = Debug|Any CPU
		{A08D8049-32D3-4717-9671-D980E6AC765D}.Ad-Hoc|x86.Build.0 = Debug|Any CPU
		{A08D8049-32D3-4717-9671-D980E6AC765D}.Ad-Hoc|x86.Deploy.0 = Debug|Any CPU
		{A08D8049-32D3-4717-9671-D980E6AC765D}.AppStore|Any CPU.ActiveCfg = Debug|Any CPU
		{A08D8049-32D3-4717-9671-D980E6AC765D}.AppStore|Any CPU.Build.0 = Debug|Any CPU
		{A08D8049-32D3-4717-9671-D980E6AC765D}.AppStore|Any CPU.Deploy.0 = Debug|Any CPU
		{A08D8049-32D3-4717-9671-D980E6AC765D}.AppStore|ARM.ActiveCfg = Debug|Any CPU
		{A08D8049-32D3-4717-9671-D980E6AC765D}.AppStore|ARM.Build.0 = Debug|Any CPU
		{A08D8049-32D3-4717-9671-D980E6AC765D}.AppStore|ARM.Deploy.0 = Debug|Any CPU
		{A08D8049-32D3-4717-9671-D980E6AC765D}.AppStore|iPhone.ActiveCfg = Debug|Any CPU
		{A08D8049-32D3-4717-9671-D980E6AC765D}.AppStore|iPhone.Build.0 = Debug|Any CPU
		{A08D8049-32D3-4717-9671-D980E6AC765D}.AppStore|iPhone.Deploy.0 = Debug|Any CPU
		{A08D8049-32D3-4717-9671-D980E6AC765D}.AppStore|iPhoneSimulator.ActiveCfg = Debug|Any CPU
		{A08D8049-32D3-4717-9671-D980E6AC765D}.AppStore|iPhoneSimulator.Build.0 = Debug|Any CPU
		{A08D8049-32D3-4717-9671-D980E6AC765D}.AppStore|iPhoneSimulator.Deploy.0 = Debug|Any CPU
		{A08D8049-32D3-4717-9671-D980E6AC765D}.AppStore|x64.ActiveCfg = Debug|Any CPU
		{A08D8049-32D3-4717-9671-D980E6AC765D}.AppStore|x64.Build.0 = Debug|Any CPU
		{A08D8049-32D3-4717-9671-D980E6AC765D}.AppStore|x64.Deploy.0 = Debug|Any CPU
		{A08D8049-32D3-4717-9671-D980E6AC765D}.AppStore|x86.ActiveCfg = Debug|Any CPU
		{A08D8049-32D3-4717-9671-D980E6AC765D}.AppStore|x86.Build.0 = Debug|Any CPU
		{A08D8049-32D3-4717-9671-D980E6AC765D}.AppStore|x86.Deploy.0 = Debug|Any CPU
		{A08D8049-32D3-4717-9671-D980E6AC765D}.Debug|Any CPU.ActiveCfg = Debug|Any CPU
		{A08D8049-32D3-4717-9671-D980E6AC765D}.Debug|Any CPU.Build.0 = Debug|Any CPU
		{A08D8049-32D3-4717-9671-D980E6AC765D}.Debug|Any CPU.Deploy.0 = Debug|Any CPU
		{A08D8049-32D3-4717-9671-D980E6AC765D}.Debug|ARM.ActiveCfg = Debug|Any CPU
		{A08D8049-32D3-4717-9671-D980E6AC765D}.Debug|ARM.Build.0 = Debug|Any CPU
		{A08D8049-32D3-4717-9671-D980E6AC765D}.Debug|ARM.Deploy.0 = Debug|Any CPU
		{A08D8049-32D3-4717-9671-D980E6AC765D}.Debug|iPhone.ActiveCfg = Debug|Any CPU
		{A08D8049-32D3-4717-9671-D980E6AC765D}.Debug|iPhone.Build.0 = Debug|Any CPU
		{A08D8049-32D3-4717-9671-D980E6AC765D}.Debug|iPhone.Deploy.0 = Debug|Any CPU
		{A08D8049-32D3-4717-9671-D980E6AC765D}.Debug|iPhoneSimulator.ActiveCfg = Debug|Any CPU
		{A08D8049-32D3-4717-9671-D980E6AC765D}.Debug|iPhoneSimulator.Build.0 = Debug|Any CPU
		{A08D8049-32D3-4717-9671-D980E6AC765D}.Debug|iPhoneSimulator.Deploy.0 = Debug|Any CPU
		{A08D8049-32D3-4717-9671-D980E6AC765D}.Debug|x64.ActiveCfg = Debug|Any CPU
		{A08D8049-32D3-4717-9671-D980E6AC765D}.Debug|x64.Build.0 = Debug|Any CPU
		{A08D8049-32D3-4717-9671-D980E6AC765D}.Debug|x64.Deploy.0 = Debug|Any CPU
		{A08D8049-32D3-4717-9671-D980E6AC765D}.Debug|x86.ActiveCfg = Debug|Any CPU
		{A08D8049-32D3-4717-9671-D980E6AC765D}.Debug|x86.Build.0 = Debug|Any CPU
		{A08D8049-32D3-4717-9671-D980E6AC765D}.Debug|x86.Deploy.0 = Debug|Any CPU
		{A08D8049-32D3-4717-9671-D980E6AC765D}.Release|Any CPU.ActiveCfg = Release|Any CPU
		{A08D8049-32D3-4717-9671-D980E6AC765D}.Release|Any CPU.Build.0 = Release|Any CPU
		{A08D8049-32D3-4717-9671-D980E6AC765D}.Release|Any CPU.Deploy.0 = Release|Any CPU
		{A08D8049-32D3-4717-9671-D980E6AC765D}.Release|ARM.ActiveCfg = Release|Any CPU
		{A08D8049-32D3-4717-9671-D980E6AC765D}.Release|ARM.Build.0 = Release|Any CPU
		{A08D8049-32D3-4717-9671-D980E6AC765D}.Release|ARM.Deploy.0 = Release|Any CPU
		{A08D8049-32D3-4717-9671-D980E6AC765D}.Release|iPhone.ActiveCfg = Release|Any CPU
		{A08D8049-32D3-4717-9671-D980E6AC765D}.Release|iPhone.Build.0 = Release|Any CPU
		{A08D8049-32D3-4717-9671-D980E6AC765D}.Release|iPhone.Deploy.0 = Release|Any CPU
		{A08D8049-32D3-4717-9671-D980E6AC765D}.Release|iPhoneSimulator.ActiveCfg = Release|Any CPU
		{A08D8049-32D3-4717-9671-D980E6AC765D}.Release|iPhoneSimulator.Build.0 = Release|Any CPU
		{A08D8049-32D3-4717-9671-D980E6AC765D}.Release|iPhoneSimulator.Deploy.0 = Release|Any CPU
		{A08D8049-32D3-4717-9671-D980E6AC765D}.Release|x64.ActiveCfg = Release|Any CPU
		{A08D8049-32D3-4717-9671-D980E6AC765D}.Release|x64.Build.0 = Release|Any CPU
		{A08D8049-32D3-4717-9671-D980E6AC765D}.Release|x64.Deploy.0 = Release|Any CPU
		{A08D8049-32D3-4717-9671-D980E6AC765D}.Release|x86.ActiveCfg = Release|Any CPU
		{A08D8049-32D3-4717-9671-D980E6AC765D}.Release|x86.Build.0 = Release|Any CPU
		{A08D8049-32D3-4717-9671-D980E6AC765D}.Release|x86.Deploy.0 = Release|Any CPU
		{0F473738-A09A-49BC-87AD-A083A0D592DB}.Ad-Hoc|Any CPU.ActiveCfg = Debug|Any CPU
		{0F473738-A09A-49BC-87AD-A083A0D592DB}.Ad-Hoc|Any CPU.Build.0 = Debug|Any CPU
		{0F473738-A09A-49BC-87AD-A083A0D592DB}.Ad-Hoc|ARM.ActiveCfg = Debug|Any CPU
		{0F473738-A09A-49BC-87AD-A083A0D592DB}.Ad-Hoc|ARM.Build.0 = Debug|Any CPU
		{0F473738-A09A-49BC-87AD-A083A0D592DB}.Ad-Hoc|iPhone.ActiveCfg = Debug|Any CPU
		{0F473738-A09A-49BC-87AD-A083A0D592DB}.Ad-Hoc|iPhone.Build.0 = Debug|Any CPU
		{0F473738-A09A-49BC-87AD-A083A0D592DB}.Ad-Hoc|iPhoneSimulator.ActiveCfg = Debug|Any CPU
		{0F473738-A09A-49BC-87AD-A083A0D592DB}.Ad-Hoc|iPhoneSimulator.Build.0 = Debug|Any CPU
		{0F473738-A09A-49BC-87AD-A083A0D592DB}.Ad-Hoc|x64.ActiveCfg = Debug|Any CPU
		{0F473738-A09A-49BC-87AD-A083A0D592DB}.Ad-Hoc|x64.Build.0 = Debug|Any CPU
		{0F473738-A09A-49BC-87AD-A083A0D592DB}.Ad-Hoc|x86.ActiveCfg = Debug|Any CPU
		{0F473738-A09A-49BC-87AD-A083A0D592DB}.Ad-Hoc|x86.Build.0 = Debug|Any CPU
		{0F473738-A09A-49BC-87AD-A083A0D592DB}.AppStore|Any CPU.ActiveCfg = Debug|Any CPU
		{0F473738-A09A-49BC-87AD-A083A0D592DB}.AppStore|Any CPU.Build.0 = Debug|Any CPU
		{0F473738-A09A-49BC-87AD-A083A0D592DB}.AppStore|ARM.ActiveCfg = Debug|Any CPU
		{0F473738-A09A-49BC-87AD-A083A0D592DB}.AppStore|ARM.Build.0 = Debug|Any CPU
		{0F473738-A09A-49BC-87AD-A083A0D592DB}.AppStore|iPhone.ActiveCfg = Debug|Any CPU
		{0F473738-A09A-49BC-87AD-A083A0D592DB}.AppStore|iPhone.Build.0 = Debug|Any CPU
		{0F473738-A09A-49BC-87AD-A083A0D592DB}.AppStore|iPhoneSimulator.ActiveCfg = Debug|Any CPU
		{0F473738-A09A-49BC-87AD-A083A0D592DB}.AppStore|iPhoneSimulator.Build.0 = Debug|Any CPU
		{0F473738-A09A-49BC-87AD-A083A0D592DB}.AppStore|x64.ActiveCfg = Debug|Any CPU
		{0F473738-A09A-49BC-87AD-A083A0D592DB}.AppStore|x64.Build.0 = Debug|Any CPU
		{0F473738-A09A-49BC-87AD-A083A0D592DB}.AppStore|x86.ActiveCfg = Debug|Any CPU
		{0F473738-A09A-49BC-87AD-A083A0D592DB}.AppStore|x86.Build.0 = Debug|Any CPU
		{0F473738-A09A-49BC-87AD-A083A0D592DB}.Debug|Any CPU.ActiveCfg = Debug|Any CPU
		{0F473738-A09A-49BC-87AD-A083A0D592DB}.Debug|Any CPU.Build.0 = Debug|Any CPU
		{0F473738-A09A-49BC-87AD-A083A0D592DB}.Debug|ARM.ActiveCfg = Debug|Any CPU
		{0F473738-A09A-49BC-87AD-A083A0D592DB}.Debug|ARM.Build.0 = Debug|Any CPU
		{0F473738-A09A-49BC-87AD-A083A0D592DB}.Debug|iPhone.ActiveCfg = Debug|Any CPU
		{0F473738-A09A-49BC-87AD-A083A0D592DB}.Debug|iPhone.Build.0 = Debug|Any CPU
		{0F473738-A09A-49BC-87AD-A083A0D592DB}.Debug|iPhoneSimulator.ActiveCfg = Debug|Any CPU
		{0F473738-A09A-49BC-87AD-A083A0D592DB}.Debug|iPhoneSimulator.Build.0 = Debug|Any CPU
		{0F473738-A09A-49BC-87AD-A083A0D592DB}.Debug|x64.ActiveCfg = Debug|Any CPU
		{0F473738-A09A-49BC-87AD-A083A0D592DB}.Debug|x64.Build.0 = Debug|Any CPU
		{0F473738-A09A-49BC-87AD-A083A0D592DB}.Debug|x86.ActiveCfg = Debug|Any CPU
		{0F473738-A09A-49BC-87AD-A083A0D592DB}.Debug|x86.Build.0 = Debug|Any CPU
		{0F473738-A09A-49BC-87AD-A083A0D592DB}.Release|Any CPU.ActiveCfg = Release|Any CPU
		{0F473738-A09A-49BC-87AD-A083A0D592DB}.Release|Any CPU.Build.0 = Release|Any CPU
		{0F473738-A09A-49BC-87AD-A083A0D592DB}.Release|ARM.ActiveCfg = Release|Any CPU
		{0F473738-A09A-49BC-87AD-A083A0D592DB}.Release|ARM.Build.0 = Release|Any CPU
		{0F473738-A09A-49BC-87AD-A083A0D592DB}.Release|iPhone.ActiveCfg = Release|Any CPU
		{0F473738-A09A-49BC-87AD-A083A0D592DB}.Release|iPhone.Build.0 = Release|Any CPU
		{0F473738-A09A-49BC-87AD-A083A0D592DB}.Release|iPhoneSimulator.ActiveCfg = Release|Any CPU
		{0F473738-A09A-49BC-87AD-A083A0D592DB}.Release|iPhoneSimulator.Build.0 = Release|Any CPU
		{0F473738-A09A-49BC-87AD-A083A0D592DB}.Release|x64.ActiveCfg = Release|Any CPU
		{0F473738-A09A-49BC-87AD-A083A0D592DB}.Release|x64.Build.0 = Release|Any CPU
		{0F473738-A09A-49BC-87AD-A083A0D592DB}.Release|x86.ActiveCfg = Release|Any CPU
		{0F473738-A09A-49BC-87AD-A083A0D592DB}.Release|x86.Build.0 = Release|Any CPU
	EndGlobalSection
	GlobalSection(SolutionProperties) = preSolution
		HideSolutionNode = FALSE
	EndGlobalSection
	GlobalSection(ExtensibilityGlobals) = postSolution
		SolutionGuid = {0FAAB0F2-14AF-4416-B139-036DCE948C96}
	EndGlobalSection
EndGlobal
